// !$*UTF8*$!
{
	archiveVersion = 1;
	classes = {
	};
	objectVersion = 50;
	objects = {

/* Begin PBXBuildFile section */
		3DFC5D7325F9936100D73F43 /* AppDelegate.swift in Sources */ = {isa = PBXBuildFile; fileRef = 3DFC5D7225F9936100D73F43 /* AppDelegate.swift */; };
		3DFC5D7525F9936100D73F43 /* SceneDelegate.swift in Sources */ = {isa = PBXBuildFile; fileRef = 3DFC5D7425F9936100D73F43 /* SceneDelegate.swift */; };
		3DFC5D7725F9936100D73F43 /* ViewController.swift in Sources */ = {isa = PBXBuildFile; fileRef = 3DFC5D7625F9936100D73F43 /* ViewController.swift */; };
		3DFC5D7D25F9936100D73F43 /* Naumen.xcdatamodeld in Sources */ = {isa = PBXBuildFile; fileRef = 3DFC5D7B25F9936100D73F43 /* Naumen.xcdatamodeld */; };
		3DFC5D7F25F9936200D73F43 /* Assets.xcassets in Resources */ = {isa = PBXBuildFile; fileRef = 3DFC5D7E25F9936200D73F43 /* Assets.xcassets */; };
		3DFC5D8225F9936200D73F43 /* LaunchScreen.storyboard in Resources */ = {isa = PBXBuildFile; fileRef = 3DFC5D8025F9936200D73F43 /* LaunchScreen.storyboard */; };
		3DFC5D8D25F9936200D73F43 /* NaumenTests.swift in Sources */ = {isa = PBXBuildFile; fileRef = 3DFC5D8C25F9936200D73F43 /* NaumenTests.swift */; };
		3DFC5D9825F9936200D73F43 /* NaumenUITests.swift in Sources */ = {isa = PBXBuildFile; fileRef = 3DFC5D9725F9936200D73F43 /* NaumenUITests.swift */; };
		3DFC5DC925F9968B00D73F43 /* UIResponder.swift in Sources */ = {isa = PBXBuildFile; fileRef = 3DFC5DC825F9968B00D73F43 /* UIResponder.swift */; };
		3DFC5DCA25F9968B00D73F43 /* UIResponder.swift in Sources */ = {isa = PBXBuildFile; fileRef = 3DFC5DC825F9968B00D73F43 /* UIResponder.swift */; };
		3DFC5DCB25F9968B00D73F43 /* UIResponder.swift in Sources */ = {isa = PBXBuildFile; fileRef = 3DFC5DC825F9968B00D73F43 /* UIResponder.swift */; };
/* End PBXBuildFile section */

/* Begin PBXContainerItemProxy section */
		3DFC5D8925F9936200D73F43 /* PBXContainerItemProxy */ = {
			isa = PBXContainerItemProxy;
			containerPortal = 3DFC5D6725F9936100D73F43 /* Project object */;
			proxyType = 1;
			remoteGlobalIDString = 3DFC5D6E25F9936100D73F43;
			remoteInfo = Naumen;
		};
		3DFC5D9425F9936200D73F43 /* PBXContainerItemProxy */ = {
			isa = PBXContainerItemProxy;
			containerPortal = 3DFC5D6725F9936100D73F43 /* Project object */;
			proxyType = 1;
			remoteGlobalIDString = 3DFC5D6E25F9936100D73F43;
			remoteInfo = Naumen;
		};
/* End PBXContainerItemProxy section */

/* Begin PBXFileReference section */
		3DFC5D6F25F9936100D73F43 /* Naumen.app */ = {isa = PBXFileReference; explicitFileType = wrapper.application; includeInIndex = 0; path = Naumen.app; sourceTree = BUILT_PRODUCTS_DIR; };
		3DFC5D7225F9936100D73F43 /* AppDelegate.swift */ = {isa = PBXFileReference; lastKnownFileType = sourcecode.swift; path = AppDelegate.swift; sourceTree = "<group>"; };
		3DFC5D7425F9936100D73F43 /* SceneDelegate.swift */ = {isa = PBXFileReference; lastKnownFileType = sourcecode.swift; path = SceneDelegate.swift; sourceTree = "<group>"; };
		3DFC5D7625F9936100D73F43 /* ViewController.swift */ = {isa = PBXFileReference; lastKnownFileType = sourcecode.swift; path = ViewController.swift; sourceTree = "<group>"; };
		3DFC5D7C25F9936100D73F43 /* Naumen.xcdatamodel */ = {isa = PBXFileReference; lastKnownFileType = wrapper.xcdatamodel; path = Naumen.xcdatamodel; sourceTree = "<group>"; };
		3DFC5D7E25F9936200D73F43 /* Assets.xcassets */ = {isa = PBXFileReference; lastKnownFileType = folder.assetcatalog; path = Assets.xcassets; sourceTree = "<group>"; };
		3DFC5D8125F9936200D73F43 /* Base */ = {isa = PBXFileReference; lastKnownFileType = file.storyboard; name = Base; path = Base.lproj/LaunchScreen.storyboard; sourceTree = "<group>"; };
		3DFC5D8325F9936200D73F43 /* Info.plist */ = {isa = PBXFileReference; lastKnownFileType = text.plist.xml; path = Info.plist; sourceTree = "<group>"; };
		3DFC5D8825F9936200D73F43 /* NaumenTests.xctest */ = {isa = PBXFileReference; explicitFileType = wrapper.cfbundle; includeInIndex = 0; path = NaumenTests.xctest; sourceTree = BUILT_PRODUCTS_DIR; };
		3DFC5D8C25F9936200D73F43 /* NaumenTests.swift */ = {isa = PBXFileReference; lastKnownFileType = sourcecode.swift; path = NaumenTests.swift; sourceTree = "<group>"; };
		3DFC5D8E25F9936200D73F43 /* Info.plist */ = {isa = PBXFileReference; lastKnownFileType = text.plist.xml; path = Info.plist; sourceTree = "<group>"; };
		3DFC5D9325F9936200D73F43 /* NaumenUITests.xctest */ = {isa = PBXFileReference; explicitFileType = wrapper.cfbundle; includeInIndex = 0; path = NaumenUITests.xctest; sourceTree = BUILT_PRODUCTS_DIR; };
		3DFC5D9725F9936200D73F43 /* NaumenUITests.swift */ = {isa = PBXFileReference; lastKnownFileType = sourcecode.swift; path = NaumenUITests.swift; sourceTree = "<group>"; };
		3DFC5D9925F9936200D73F43 /* Info.plist */ = {isa = PBXFileReference; lastKnownFileType = text.plist.xml; path = Info.plist; sourceTree = "<group>"; };
		3DFC5DC825F9968B00D73F43 /* UIResponder.swift */ = {isa = PBXFileReference; lastKnownFileType = sourcecode.swift; path = UIResponder.swift; sourceTree = "<group>"; };
/* End PBXFileReference section */

/* Begin PBXFrameworksBuildPhase section */
		3DFC5D6C25F9936100D73F43 /* Frameworks */ = {
			isa = PBXFrameworksBuildPhase;
			buildActionMask = 2147483647;
			files = (
			);
			runOnlyForDeploymentPostprocessing = 0;
		};
		3DFC5D8525F9936200D73F43 /* Frameworks */ = {
			isa = PBXFrameworksBuildPhase;
			buildActionMask = 2147483647;
			files = (
			);
			runOnlyForDeploymentPostprocessing = 0;
		};
		3DFC5D9025F9936200D73F43 /* Frameworks */ = {
			isa = PBXFrameworksBuildPhase;
			buildActionMask = 2147483647;
			files = (
			);
			runOnlyForDeploymentPostprocessing = 0;
		};
/* End PBXFrameworksBuildPhase section */

/* Begin PBXGroup section */
		3DFC5D6625F9936100D73F43 = {
			isa = PBXGroup;
			children = (
				3DFC5D7125F9936100D73F43 /* Naumen */,
				3DFC5D8B25F9936200D73F43 /* NaumenTests */,
				3DFC5D9625F9936200D73F43 /* NaumenUITests */,
				3DFC5D7025F9936100D73F43 /* Products */,
			);
			sourceTree = "<group>";
		};
		3DFC5D7025F9936100D73F43 /* Products */ = {
			isa = PBXGroup;
			children = (
				3DFC5D6F25F9936100D73F43 /* Naumen.app */,
				3DFC5D8825F9936200D73F43 /* NaumenTests.xctest */,
				3DFC5D9325F9936200D73F43 /* NaumenUITests.xctest */,
			);
			name = Products;
			sourceTree = "<group>";
		};
		3DFC5D7125F9936100D73F43 /* Naumen */ = {
			isa = PBXGroup;
			children = (
				3DFC5DB525F994C800D73F43 /* Main */,
				3DFC5DB425F994B700D73F43 /* Root */,
			);
			path = Naumen;
			sourceTree = "<group>";
		};
		3DFC5D8B25F9936200D73F43 /* NaumenTests */ = {
			isa = PBXGroup;
			children = (
				3DFC5D8C25F9936200D73F43 /* NaumenTests.swift */,
				3DFC5D8E25F9936200D73F43 /* Info.plist */,
			);
			path = NaumenTests;
			sourceTree = "<group>";
		};
		3DFC5D9625F9936200D73F43 /* NaumenUITests */ = {
			isa = PBXGroup;
			children = (
				3DFC5D9725F9936200D73F43 /* NaumenUITests.swift */,
				3DFC5D9925F9936200D73F43 /* Info.plist */,
			);
			path = NaumenUITests;
			sourceTree = "<group>";
		};
		3DFC5DB425F994B700D73F43 /* Root */ = {
			isa = PBXGroup;
			children = (
				3DFC5DC725F9967600D73F43 /* Extensions */,
				3DFC5D8325F9936200D73F43 /* Info.plist */,
				3DFC5D7225F9936100D73F43 /* AppDelegate.swift */,
				3DFC5D7425F9936100D73F43 /* SceneDelegate.swift */,
				3DFC5D7E25F9936200D73F43 /* Assets.xcassets */,
				3DFC5D7B25F9936100D73F43 /* Naumen.xcdatamodeld */,
			);
			path = Root;
			sourceTree = "<group>";
		};
		3DFC5DB525F994C800D73F43 /* Main */ = {
			isa = PBXGroup;
			children = (
				3DFC5DBA25F994E100D73F43 /* Storyboards */,
				3DFC5DB625F994D500D73F43 /* Controllers */,
			);
			path = Main;
			sourceTree = "<group>";
		};
		3DFC5DB625F994D500D73F43 /* Controllers */ = {
			isa = PBXGroup;
			children = (
				3DFC5D7625F9936100D73F43 /* ViewController.swift */,
			);
			path = Controllers;
			sourceTree = "<group>";
		};
		3DFC5DBA25F994E100D73F43 /* Storyboards */ = {
			isa = PBXGroup;
			children = (
				3DFC5D8025F9936200D73F43 /* LaunchScreen.storyboard */,
			);
			path = Storyboards;
			sourceTree = "<group>";
		};
		3DFC5DC725F9967600D73F43 /* Extensions */ = {
			isa = PBXGroup;
			children = (
				3DFC5DC825F9968B00D73F43 /* UIResponder.swift */,
			);
			path = Extensions;
			sourceTree = "<group>";
		};
/* End PBXGroup section */

/* Begin PBXNativeTarget section */
		3DFC5D6E25F9936100D73F43 /* Naumen */ = {
			isa = PBXNativeTarget;
			buildConfigurationList = 3DFC5D9C25F9936200D73F43 /* Build configuration list for PBXNativeTarget "Naumen" */;
			buildPhases = (
				3DFC5D6B25F9936100D73F43 /* Sources */,
				3DFC5D6C25F9936100D73F43 /* Frameworks */,
				3DFC5D6D25F9936100D73F43 /* Resources */,
			);
			buildRules = (
			);
			dependencies = (
			);
			name = Naumen;
			productName = Naumen;
			productReference = 3DFC5D6F25F9936100D73F43 /* Naumen.app */;
			productType = "com.apple.product-type.application";
		};
		3DFC5D8725F9936200D73F43 /* NaumenTests */ = {
			isa = PBXNativeTarget;
			buildConfigurationList = 3DFC5D9F25F9936200D73F43 /* Build configuration list for PBXNativeTarget "NaumenTests" */;
			buildPhases = (
				3DFC5D8425F9936200D73F43 /* Sources */,
				3DFC5D8525F9936200D73F43 /* Frameworks */,
				3DFC5D8625F9936200D73F43 /* Resources */,
			);
			buildRules = (
			);
			dependencies = (
				3DFC5D8A25F9936200D73F43 /* PBXTargetDependency */,
			);
			name = NaumenTests;
			productName = NaumenTests;
			productReference = 3DFC5D8825F9936200D73F43 /* NaumenTests.xctest */;
			productType = "com.apple.product-type.bundle.unit-test";
		};
		3DFC5D9225F9936200D73F43 /* NaumenUITests */ = {
			isa = PBXNativeTarget;
			buildConfigurationList = 3DFC5DA225F9936200D73F43 /* Build configuration list for PBXNativeTarget "NaumenUITests" */;
			buildPhases = (
				3DFC5D8F25F9936200D73F43 /* Sources */,
				3DFC5D9025F9936200D73F43 /* Frameworks */,
				3DFC5D9125F9936200D73F43 /* Resources */,
			);
			buildRules = (
			);
			dependencies = (
				3DFC5D9525F9936200D73F43 /* PBXTargetDependency */,
			);
			name = NaumenUITests;
			productName = NaumenUITests;
			productReference = 3DFC5D9325F9936200D73F43 /* NaumenUITests.xctest */;
			productType = "com.apple.product-type.bundle.ui-testing";
		};
/* End PBXNativeTarget section */

/* Begin PBXProject section */
		3DFC5D6725F9936100D73F43 /* Project object */ = {
			isa = PBXProject;
			attributes = {
				LastSwiftUpdateCheck = 1240;
				LastUpgradeCheck = 1240;
				TargetAttributes = {
					3DFC5D6E25F9936100D73F43 = {
						CreatedOnToolsVersion = 12.4;
					};
					3DFC5D8725F9936200D73F43 = {
						CreatedOnToolsVersion = 12.4;
						TestTargetID = 3DFC5D6E25F9936100D73F43;
					};
					3DFC5D9225F9936200D73F43 = {
						CreatedOnToolsVersion = 12.4;
						TestTargetID = 3DFC5D6E25F9936100D73F43;
					};
				};
			};
			buildConfigurationList = 3DFC5D6A25F9936100D73F43 /* Build configuration list for PBXProject "Naumen" */;
			compatibilityVersion = "Xcode 9.3";
			developmentRegion = en;
			hasScannedForEncodings = 0;
			knownRegions = (
				en,
				Base,
			);
			mainGroup = 3DFC5D6625F9936100D73F43;
			productRefGroup = 3DFC5D7025F9936100D73F43 /* Products */;
			projectDirPath = "";
			projectRoot = "";
			targets = (
				3DFC5D6E25F9936100D73F43 /* Naumen */,
				3DFC5D8725F9936200D73F43 /* NaumenTests */,
				3DFC5D9225F9936200D73F43 /* NaumenUITests */,
			);
		};
/* End PBXProject section */

/* Begin PBXResourcesBuildPhase section */
		3DFC5D6D25F9936100D73F43 /* Resources */ = {
			isa = PBXResourcesBuildPhase;
			buildActionMask = 2147483647;
			files = (
				3DFC5D8225F9936200D73F43 /* LaunchScreen.storyboard in Resources */,
				3DFC5D7F25F9936200D73F43 /* Assets.xcassets in Resources */,
			);
			runOnlyForDeploymentPostprocessing = 0;
		};
		3DFC5D8625F9936200D73F43 /* Resources */ = {
			isa = PBXResourcesBuildPhase;
			buildActionMask = 2147483647;
			files = (
			);
			runOnlyForDeploymentPostprocessing = 0;
		};
		3DFC5D9125F9936200D73F43 /* Resources */ = {
			isa = PBXResourcesBuildPhase;
			buildActionMask = 2147483647;
			files = (
			);
			runOnlyForDeploymentPostprocessing = 0;
		};
/* End PBXResourcesBuildPhase section */

/* Begin PBXSourcesBuildPhase section */
		3DFC5D6B25F9936100D73F43 /* Sources */ = {
			isa = PBXSourcesBuildPhase;
			buildActionMask = 2147483647;
			files = (
				3DFC5D7725F9936100D73F43 /* ViewController.swift in Sources */,
				3DFC5D7325F9936100D73F43 /* AppDelegate.swift in Sources */,
				3DFC5D7525F9936100D73F43 /* SceneDelegate.swift in Sources */,
				3DFC5DC925F9968B00D73F43 /* UIResponder.swift in Sources */,
				3DFC5D7D25F9936100D73F43 /* Naumen.xcdatamodeld in Sources */,
			);
			runOnlyForDeploymentPostprocessing = 0;
		};
		3DFC5D8425F9936200D73F43 /* Sources */ = {
			isa = PBXSourcesBuildPhase;
			buildActionMask = 2147483647;
			files = (
				3DFC5DCA25F9968B00D73F43 /* UIResponder.swift in Sources */,
				3DFC5D8D25F9936200D73F43 /* NaumenTests.swift in Sources */,
			);
			runOnlyForDeploymentPostprocessing = 0;
		};
		3DFC5D8F25F9936200D73F43 /* Sources */ = {
			isa = PBXSourcesBuildPhase;
			buildActionMask = 2147483647;
			files = (
				3DFC5DCB25F9968B00D73F43 /* UIResponder.swift in Sources */,
				3DFC5D9825F9936200D73F43 /* NaumenUITests.swift in Sources */,
			);
			runOnlyForDeploymentPostprocessing = 0;
		};
/* End PBXSourcesBuildPhase section */

/* Begin PBXTargetDependency section */
		3DFC5D8A25F9936200D73F43 /* PBXTargetDependency */ = {
			isa = PBXTargetDependency;
			target = 3DFC5D6E25F9936100D73F43 /* Naumen */;
			targetProxy = 3DFC5D8925F9936200D73F43 /* PBXContainerItemProxy */;
		};
		3DFC5D9525F9936200D73F43 /* PBXTargetDependency */ = {
			isa = PBXTargetDependency;
			target = 3DFC5D6E25F9936100D73F43 /* Naumen */;
			targetProxy = 3DFC5D9425F9936200D73F43 /* PBXContainerItemProxy */;
		};
/* End PBXTargetDependency section */

/* Begin PBXVariantGroup section */
		3DFC5D8025F9936200D73F43 /* LaunchScreen.storyboard */ = {
			isa = PBXVariantGroup;
			children = (
				3DFC5D8125F9936200D73F43 /* Base */,
			);
			name = LaunchScreen.storyboard;
			sourceTree = "<group>";
		};
/* End PBXVariantGroup section */

/* Begin XCBuildConfiguration section */
		3DFC5D9A25F9936200D73F43 /* Debug */ = {
			isa = XCBuildConfiguration;
			buildSettings = {
				ALWAYS_SEARCH_USER_PATHS = NO;
				CLANG_ANALYZER_NONNULL = YES;
				CLANG_ANALYZER_NUMBER_OBJECT_CONVERSION = YES_AGGRESSIVE;
				CLANG_CXX_LANGUAGE_STANDARD = "gnu++14";
				CLANG_CXX_LIBRARY = "libc++";
				CLANG_ENABLE_MODULES = YES;
				CLANG_ENABLE_OBJC_ARC = YES;
				CLANG_ENABLE_OBJC_WEAK = YES;
				CLANG_WARN_BLOCK_CAPTURE_AUTORELEASING = YES;
				CLANG_WARN_BOOL_CONVERSION = YES;
				CLANG_WARN_COMMA = YES;
				CLANG_WARN_CONSTANT_CONVERSION = YES;
				CLANG_WARN_DEPRECATED_OBJC_IMPLEMENTATIONS = YES;
				CLANG_WARN_DIRECT_OBJC_ISA_USAGE = YES_ERROR;
				CLANG_WARN_DOCUMENTATION_COMMENTS = YES;
				CLANG_WARN_EMPTY_BODY = YES;
				CLANG_WARN_ENUM_CONVERSION = YES;
				CLANG_WARN_INFINITE_RECURSION = YES;
				CLANG_WARN_INT_CONVERSION = YES;
				CLANG_WARN_NON_LITERAL_NULL_CONVERSION = YES;
				CLANG_WARN_OBJC_IMPLICIT_RETAIN_SELF = YES;
				CLANG_WARN_OBJC_LITERAL_CONVERSION = YES;
				CLANG_WARN_OBJC_ROOT_CLASS = YES_ERROR;
				CLANG_WARN_QUOTED_INCLUDE_IN_FRAMEWORK_HEADER = YES;
				CLANG_WARN_RANGE_LOOP_ANALYSIS = YES;
				CLANG_WARN_STRICT_PROTOTYPES = YES;
				CLANG_WARN_SUSPICIOUS_MOVE = YES;
				CLANG_WARN_UNGUARDED_AVAILABILITY = YES_AGGRESSIVE;
				CLANG_WARN_UNREACHABLE_CODE = YES;
				CLANG_WARN__DUPLICATE_METHOD_MATCH = YES;
				COPY_PHASE_STRIP = NO;
				DEBUG_INFORMATION_FORMAT = dwarf;
				ENABLE_STRICT_OBJC_MSGSEND = YES;
				ENABLE_TESTABILITY = YES;
				GCC_C_LANGUAGE_STANDARD = gnu11;
				GCC_DYNAMIC_NO_PIC = NO;
				GCC_NO_COMMON_BLOCKS = YES;
				GCC_OPTIMIZATION_LEVEL = 0;
				GCC_PREPROCESSOR_DEFINITIONS = (
					"DEBUG=1",
					"$(inherited)",
				);
				GCC_WARN_64_TO_32_BIT_CONVERSION = YES;
				GCC_WARN_ABOUT_RETURN_TYPE = YES_ERROR;
				GCC_WARN_UNDECLARED_SELECTOR = YES;
				GCC_WARN_UNINITIALIZED_AUTOS = YES_AGGRESSIVE;
				GCC_WARN_UNUSED_FUNCTION = YES;
				GCC_WARN_UNUSED_VARIABLE = YES;
				IPHONEOS_DEPLOYMENT_TARGET = 11.0;
				MTL_ENABLE_DEBUG_INFO = INCLUDE_SOURCE;
				MTL_FAST_MATH = YES;
				ONLY_ACTIVE_ARCH = YES;
				SDKROOT = iphoneos;
				SWIFT_ACTIVE_COMPILATION_CONDITIONS = DEBUG;
				SWIFT_OPTIMIZATION_LEVEL = "-Onone";
			};
			name = Debug;
		};
		3DFC5D9B25F9936200D73F43 /* Release */ = {
			isa = XCBuildConfiguration;
			buildSettings = {
				ALWAYS_SEARCH_USER_PATHS = NO;
				CLANG_ANALYZER_NONNULL = YES;
				CLANG_ANALYZER_NUMBER_OBJECT_CONVERSION = YES_AGGRESSIVE;
				CLANG_CXX_LANGUAGE_STANDARD = "gnu++14";
				CLANG_CXX_LIBRARY = "libc++";
				CLANG_ENABLE_MODULES = YES;
				CLANG_ENABLE_OBJC_ARC = YES;
				CLANG_ENABLE_OBJC_WEAK = YES;
				CLANG_WARN_BLOCK_CAPTURE_AUTORELEASING = YES;
				CLANG_WARN_BOOL_CONVERSION = YES;
				CLANG_WARN_COMMA = YES;
				CLANG_WARN_CONSTANT_CONVERSION = YES;
				CLANG_WARN_DEPRECATED_OBJC_IMPLEMENTATIONS = YES;
				CLANG_WARN_DIRECT_OBJC_ISA_USAGE = YES_ERROR;
				CLANG_WARN_DOCUMENTATION_COMMENTS = YES;
				CLANG_WARN_EMPTY_BODY = YES;
				CLANG_WARN_ENUM_CONVERSION = YES;
				CLANG_WARN_INFINITE_RECURSION = YES;
				CLANG_WARN_INT_CONVERSION = YES;
				CLANG_WARN_NON_LITERAL_NULL_CONVERSION = YES;
				CLANG_WARN_OBJC_IMPLICIT_RETAIN_SELF = YES;
				CLANG_WARN_OBJC_LITERAL_CONVERSION = YES;
				CLANG_WARN_OBJC_ROOT_CLASS = YES_ERROR;
				CLANG_WARN_QUOTED_INCLUDE_IN_FRAMEWORK_HEADER = YES;
				CLANG_WARN_RANGE_LOOP_ANALYSIS = YES;
				CLANG_WARN_STRICT_PROTOTYPES = YES;
				CLANG_WARN_SUSPICIOUS_MOVE = YES;
				CLANG_WARN_UNGUARDED_AVAILABILITY = YES_AGGRESSIVE;
				CLANG_WARN_UNREACHABLE_CODE = YES;
				CLANG_WARN__DUPLICATE_METHOD_MATCH = YES;
				COPY_PHASE_STRIP = NO;
				DEBUG_INFORMATION_FORMAT = "dwarf-with-dsym";
				ENABLE_NS_ASSERTIONS = NO;
				ENABLE_STRICT_OBJC_MSGSEND = YES;
				GCC_C_LANGUAGE_STANDARD = gnu11;
				GCC_NO_COMMON_BLOCKS = YES;
				GCC_WARN_64_TO_32_BIT_CONVERSION = YES;
				GCC_WARN_ABOUT_RETURN_TYPE = YES_ERROR;
				GCC_WARN_UNDECLARED_SELECTOR = YES;
				GCC_WARN_UNINITIALIZED_AUTOS = YES_AGGRESSIVE;
				GCC_WARN_UNUSED_FUNCTION = YES;
				GCC_WARN_UNUSED_VARIABLE = YES;
				IPHONEOS_DEPLOYMENT_TARGET = 11.0;
				MTL_ENABLE_DEBUG_INFO = NO;
				MTL_FAST_MATH = YES;
				SDKROOT = iphoneos;
				SWIFT_COMPILATION_MODE = wholemodule;
				SWIFT_OPTIMIZATION_LEVEL = "-O";
				VALIDATE_PRODUCT = YES;
			};
			name = Release;
		};
		3DFC5D9D25F9936200D73F43 /* Debug */ = {
			isa = XCBuildConfiguration;
			buildSettings = {
				ASSETCATALOG_COMPILER_APPICON_NAME = AppIcon;
				ASSETCATALOG_COMPILER_GLOBAL_ACCENT_COLOR_NAME = AccentColor;
				CODE_SIGN_STYLE = Automatic;
				DEVELOPMENT_TEAM = KXDT64LHVB;
				INFOPLIST_FILE = Naumen/Root/Info.plist;
				IPHONEOS_DEPLOYMENT_TARGET = 11.0;
				LD_RUNPATH_SEARCH_PATHS = (
					"$(inherited)",
					"@executable_path/Frameworks",
				);
				PRODUCT_BUNDLE_IDENTIFIER = "Sergey-Fedotov.Naumen";
				PRODUCT_NAME = "$(TARGET_NAME)";
				SWIFT_VERSION = 5.0;
				TARGETED_DEVICE_FAMILY = 1;
			};
			name = Debug;
		};
		3DFC5D9E25F9936200D73F43 /* Release */ = {
			isa = XCBuildConfiguration;
			buildSettings = {
				ASSETCATALOG_COMPILER_APPICON_NAME = AppIcon;
				ASSETCATALOG_COMPILER_GLOBAL_ACCENT_COLOR_NAME = AccentColor;
				CODE_SIGN_STYLE = Automatic;
				DEVELOPMENT_TEAM = KXDT64LHVB;
				INFOPLIST_FILE = Naumen/Root/Info.plist;
				IPHONEOS_DEPLOYMENT_TARGET = 11.0;
				LD_RUNPATH_SEARCH_PATHS = (
					"$(inherited)",
					"@executable_path/Frameworks",
				);
				PRODUCT_BUNDLE_IDENTIFIER = "Sergey-Fedotov.Naumen";
				PRODUCT_NAME = "$(TARGET_NAME)";
				SWIFT_VERSION = 5.0;
				TARGETED_DEVICE_FAMILY = 1;
			};
			name = Release;
		};
		3DFC5DA025F9936200D73F43 /* Debug */ = {
			isa = XCBuildConfiguration;
			buildSettings = {
				ALWAYS_EMBED_SWIFT_STANDARD_LIBRARIES = YES;
				BUNDLE_LOADER = "$(TEST_HOST)";
				CODE_SIGN_STYLE = Automatic;
				DEVELOPMENT_TEAM = KXDT64LHVB;
				INFOPLIST_FILE = NaumenTests/Info.plist;
				IPHONEOS_DEPLOYMENT_TARGET = 14.4;
				LD_RUNPATH_SEARCH_PATHS = (
					"$(inherited)",
					"@executable_path/Frameworks",
					"@loader_path/Frameworks",
				);
				PRODUCT_BUNDLE_IDENTIFIER = "Sergey-Fedotov.NaumenTests";
				PRODUCT_NAME = "$(TARGET_NAME)";
				SWIFT_VERSION = 5.0;
				TARGETED_DEVICE_FAMILY = "1,2";
				TEST_HOST = "$(BUILT_PRODUCTS_DIR)/Naumen.app/Naumen";
			};
			name = Debug;
		};
		3DFC5DA125F9936200D73F43 /* Release */ = {
			isa = XCBuildConfiguration;
			buildSettings = {
				ALWAYS_EMBED_SWIFT_STANDARD_LIBRARIES = YES;
				BUNDLE_LOADER = "$(TEST_HOST)";
				CODE_SIGN_STYLE = Automatic;
				DEVELOPMENT_TEAM = KXDT64LHVB;
				INFOPLIST_FILE = NaumenTests/Info.plist;
				IPHONEOS_DEPLOYMENT_TARGET = 14.4;
				LD_RUNPATH_SEARCH_PATHS = (
					"$(inherited)",
					"@executable_path/Frameworks",
					"@loader_path/Frameworks",
				);
				PRODUCT_BUNDLE_IDENTIFIER = "Sergey-Fedotov.NaumenTests";
				PRODUCT_NAME = "$(TARGET_NAME)";
				SWIFT_VERSION = 5.0;
				TARGETED_DEVICE_FAMILY = "1,2";
				TEST_HOST = "$(BUILT_PRODUCTS_DIR)/Naumen.app/Naumen";
			};
			name = Release;
		};
		3DFC5DA325F9936200D73F43 /* Debug */ = {
			isa = XCBuildConfiguration;
			buildSettings = {
				ALWAYS_EMBED_SWIFT_STANDARD_LIBRARIES = YES;
				CODE_SIGN_STYLE = Automatic;
				DEVELOPMENT_TEAM = KXDT64LHVB;
				INFOPLIST_FILE = NaumenUITests/Info.plist;
				LD_RUNPATH_SEARCH_PATHS = (
					"$(inherited)",
					"@executable_path/Frameworks",
					"@loader_path/Frameworks",
				);
				PRODUCT_BUNDLE_IDENTIFIER = "Sergey-Fedotov.NaumenUITests";
				PRODUCT_NAME = "$(TARGET_NAME)";
				SWIFT_VERSION = 5.0;
				TARGETED_DEVICE_FAMILY = "1,2";
				TEST_TARGET_NAME = Naumen;
			};
			name = Debug;
		};
		3DFC5DA425F9936200D73F43 /* Release */ = {
			isa = XCBuildConfiguration;
			buildSettings = {
				ALWAYS_EMBED_SWIFT_STANDARD_LIBRARIES = YES;
				CODE_SIGN_STYLE = Automatic;
				DEVELOPMENT_TEAM = KXDT64LHVB;
				INFOPLIST_FILE = NaumenUITests/Info.plist;
				LD_RUNPATH_SEARCH_PATHS = (
					"$(inherited)",
					"@executable_path/Frameworks",
					"@loader_path/Frameworks",
				);
				PRODUCT_BUNDLE_IDENTIFIER = "Sergey-Fedotov.NaumenUITests";
				PRODUCT_NAME = "$(TARGET_NAME)";
				SWIFT_VERSION = 5.0;
				TARGETED_DEVICE_FAMILY = "1,2";
				TEST_TARGET_NAME = Naumen;
			};
			name = Release;
		};
/* End XCBuildConfiguration section */

/* Begin XCConfigurationList section */
		3DFC5D6A25F9936100D73F43 /* Build configuration list for PBXProject "Naumen" */ = {
			isa = XCConfigurationList;
			buildConfigurations = (
				3DFC5D9A25F9936200D73F43 /* Debug */,
				3DFC5D9B25F9936200D73F43 /* Release */,
			);
			defaultConfigurationIsVisible = 0;
			defaultConfigurationName = Release;
		};
		3DFC5D9C25F9936200D73F43 /* Build configuration list for PBXNativeTarget "Naumen" */ = {
			isa = XCConfigurationList;
			buildConfigurations = (
				3DFC5D9D25F9936200D73F43 /* Debug */,
				3DFC5D9E25F9936200D73F43 /* Release */,
			);
			defaultConfigurationIsVisible = 0;
			defaultConfigurationName = Release;
		};
		3DFC5D9F25F9936200D73F43 /* Build configuration list for PBXNativeTarget "NaumenTests" */ = {
			isa = XCConfigurationList;
			buildConfigurations = (
				3DFC5DA025F9936200D73F43 /* Debug */,
				3DFC5DA125F9936200D73F43 /* Release */,
			);
			defaultConfigurationIsVisible = 0;
			defaultConfigurationName = Release;
		};
		3DFC5DA225F9936200D73F43 /* Build configuration list for PBXNativeTarget "NaumenUITests" */ = {
			isa = XCConfigurationList;
			buildConfigurations = (
				3DFC5DA325F9936200D73F43 /* Debug */,
				3DFC5DA425F9936200D73F43 /* Release */,
			);
			defaultConfigurationIsVisible = 0;
			defaultConfigurationName = Release;
		};
/* End XCConfigurationList section */

/* Begin XCVersionGroup section */
		3DFC5D7B25F9936100D73F43 /* Naumen.xcdatamodeld */ = {
			isa = XCVersionGroup;
			children = (
				3DFC5D7C25F9936100D73F43 /* Naumen.xcdatamodel */,
			);
			currentVersion = 3DFC5D7C25F9936100D73F43 /* Naumen.xcdatamodel */;
			path = Naumen.xcdatamodeld;
			sourceTree = "<group>";
			versionGroupType = wrapper.xcdatamodel;
		};
/* End XCVersionGroup section */
	};
	rootObject = 3DFC5D6725F9936100D73F43 /* Project object */;
}
